
Microsoft Visual Studio Solution File, Format Version 11.00
# Visual Studio 2010
Project("{FAE04EC0-301F-11D3-BF4B-00C04F79EFBC}") = "SwipeViewer", "SwipeView.Bindings\SwipeViewer.csproj", "{6C3BF00E-D794-4CC8-887D-341F2397881E}"
EndProject
Global
	GlobalSection(SolutionConfigurationPlatforms) = preSolution
		Debug|Any CPU = Debug|Any CPU
		Release|Any CPU = Release|Any CPU
	EndGlobalSection
	GlobalSection(ProjectConfigurationPlatforms) = postSolution
		{6C3BF00E-D794-4CC8-887D-341F2397881E}.Debug|Any CPU.ActiveCfg = Debug|Any CPU
		{6C3BF00E-D794-4CC8-887D-341F2397881E}.Debug|Any CPU.Build.0 = Debug|Any CPU
		{6C3BF00E-D794-4CC8-887D-341F2397881E}.Release|Any CPU.ActiveCfg = Release|Any CPU
		{6C3BF00E-D794-4CC8-887D-341F2397881E}.Release|Any CPU.Build.0 = Release|Any CPU
	EndGlobalSection
	GlobalSection(MonoDevelopProperties) = preSolution
		StartupItem = SwipeView.Bindings\SwipeViewer.csproj
	EndGlobalSection
EndGlobal
